
Microsoft Visual Studio Solution File, Format Version 12.00
# Visual Studio Version 17
VisualStudioVersion = 17.4.33122.133
MinimumVisualStudioVersion = 10.0.40219.1
Project("{9A19103F-16F7-4668-BE54-9A1E7A4F7556}") = "GroupTeams", "GroupTeams\GroupTeams.csproj", "{5804D35B-CEAE-4DBD-9B37-0A4BA73EBBE1}"
EndProject
Project("{E24C65DC-7377-472B-9ABA-BC803B73C61A}") = "frontend(1)", "frontend\", "{39ABD1F9-B30B-4504-8B89-7B074367E108}"
	ProjectSection(WebsiteProperties) = preProject
		TargetFrameworkMoniker = ".NETFramework,Version%3Dv4.0"
		Debug.AspNetCompiler.VirtualPath = "/localhost_53109"
		Debug.AspNetCompiler.PhysicalPath = "frontend\"
		Debug.AspNetCompiler.TargetPath = "PrecompiledWeb\localhost_53109\"
		Debug.AspNetCompiler.Updateable = "true"
		Debug.AspNetCompiler.ForceOverwrite = "true"
		Debug.AspNetCompiler.FixedNames = "false"
		Debug.AspNetCompiler.Debug = "True"
		Release.AspNetCompiler.VirtualPath = "/localhost_53109"
		Release.AspNetCompiler.PhysicalPath = "frontend\"
		Release.AspNetCompiler.TargetPath = "PrecompiledWeb\localhost_53109\"
		Release.AspNetCompiler.Updateable = "true"
		Release.AspNetCompiler.ForceOverwrite = "true"
		Release.AspNetCompiler.FixedNames = "false"
		Release.AspNetCompiler.Debug = "False"
		VWDPort = "53109"
		SlnRelativePath = "frontend\"
	EndProjectSection
EndProject
Global
	GlobalSection(SolutionConfigurationPlatforms) = preSolution
		Debug|Any CPU = Debug|Any CPU
		Release|Any CPU = Release|Any CPU
	EndGlobalSection
	GlobalSection(ProjectConfigurationPlatforms) = postSolution
		{5804D35B-CEAE-4DBD-9B37-0A4BA73EBBE1}.Debug|Any CPU.ActiveCfg = Debug|Any CPU
		{5804D35B-CEAE-4DBD-9B37-0A4BA73EBBE1}.Debug|Any CPU.Build.0 = Debug|Any CPU
		{5804D35B-CEAE-4DBD-9B37-0A4BA73EBBE1}.Release|Any CPU.ActiveCfg = Release|Any CPU
		{5804D35B-CEAE-4DBD-9B37-0A4BA73EBBE1}.Release|Any CPU.Build.0 = Release|Any CPU
		{39ABD1F9-B30B-4504-8B89-7B074367E108}.Debug|Any CPU.ActiveCfg = Debug|Any CPU
		{39ABD1F9-B30B-4504-8B89-7B074367E108}.Release|Any CPU.ActiveCfg = Debug|Any CPU
		{39ABD1F9-B30B-4504-8B89-7B074367E108}.Release|Any CPU.Build.0 = Debug|Any CPU
	EndGlobalSection
	GlobalSection(SolutionProperties) = preSolution
		HideSolutionNode = FALSE
	EndGlobalSection
	GlobalSection(ExtensibilityGlobals) = postSolution
		SolutionGuid = {72B4FEBA-3B14-4F7D-92BD-C72ABAE3709B}
	EndGlobalSection
EndGlobal
